
Microsoft Visual Studio Solution File, Format Version 12.00
# Visual Studio Version 17
VisualStudioVersion = 17.10.35027.167
MinimumVisualStudioVersion = 10.0.40219.1
Project("{9A19103F-16F7-4668-BE54-9A1E7A4F7556}") = "BlogLiveProje", "BlogLiveProje\BlogLiveProje.csproj", "{3A5577C2-7AEC-4D6F-A5D5-75B878B7FF17}"
EndProject
Project("{9A19103F-16F7-4668-BE54-9A1E7A4F7556}") = "EntityLayer", "EntityLayer\EntityLayer.csproj", "{DE06051F-FA7F-409E-A507-0A991A044C9A}"
EndProject
Project("{9A19103F-16F7-4668-BE54-9A1E7A4F7556}") = "DataAccessLayer", "DataAccessLayer\DataAccessLayer.csproj", "{981098A9-1359-4085-B830-AD16740F26E3}"
EndProject
Project("{9A19103F-16F7-4668-BE54-9A1E7A4F7556}") = "BusinessLayer", "BusinessLayer\BusinessLayer.csproj", "{19EA8181-CC3B-4046-BA64-5FD0E0C783FB}"
EndProject
Project("{9A19103F-16F7-4668-BE54-9A1E7A4F7556}") = "CoreLayer", "CoreLayer\CoreLayer.csproj", "{48CECA98-A126-4322-8BE0-D519033DE4B0}"
EndProject
Project("{9A19103F-16F7-4668-BE54-9A1E7A4F7556}") = "BlogApiDemo", "BlogApiDemo\BlogApiDemo.csproj", "{8735A3C3-0D6B-4E7B-BE4A-AE5E66779482}"
EndProject
Project("{2150E333-8FDC-42A3-9474-1A3956D46DE8}") = "Solution Items", "Solution Items", "{9FF3C1ED-82AF-4142-AAF8-9C7278CC7A6E}"
	ProjectSection(SolutionItems) = preProject
		.gitattributes = .gitattributes
	EndProjectSection
EndProject
Global
	GlobalSection(SolutionConfigurationPlatforms) = preSolution
		Debug|Any CPU = Debug|Any CPU
		Release|Any CPU = Release|Any CPU
	EndGlobalSection
	GlobalSection(ProjectConfigurationPlatforms) = postSolution
		{3A5577C2-7AEC-4D6F-A5D5-75B878B7FF17}.Debug|Any CPU.ActiveCfg = Debug|Any CPU
		{3A5577C2-7AEC-4D6F-A5D5-75B878B7FF17}.Debug|Any CPU.Build.0 = Debug|Any CPU
		{3A5577C2-7AEC-4D6F-A5D5-75B878B7FF17}.Release|Any CPU.ActiveCfg = Release|Any CPU
		{3A5577C2-7AEC-4D6F-A5D5-75B878B7FF17}.Release|Any CPU.Build.0 = Release|Any CPU
		{DE06051F-FA7F-409E-A507-0A991A044C9A}.Debug|Any CPU.ActiveCfg = Debug|Any CPU
		{DE06051F-FA7F-409E-A507-0A991A044C9A}.Debug|Any CPU.Build.0 = Debug|Any CPU
		{DE06051F-FA7F-409E-A507-0A991A044C9A}.Release|Any CPU.ActiveCfg = Release|Any CPU
		{DE06051F-FA7F-409E-A507-0A991A044C9A}.Release|Any CPU.Build.0 = Release|Any CPU
		{981098A9-1359-4085-B830-AD16740F26E3}.Debug|Any CPU.ActiveCfg = Debug|Any CPU
		{981098A9-1359-4085-B830-AD16740F26E3}.Debug|Any CPU.Build.0 = Debug|Any CPU
		{981098A9-1359-4085-B830-AD16740F26E3}.Release|Any CPU.ActiveCfg = Release|Any CPU
		{981098A9-1359-4085-B830-AD16740F26E3}.Release|Any CPU.Build.0 = Release|Any CPU
		{19EA8181-CC3B-4046-BA64-5FD0E0C783FB}.Debug|Any CPU.ActiveCfg = Debug|Any CPU
		{19EA8181-CC3B-4046-BA64-5FD0E0C783FB}.Debug|Any CPU.Build.0 = Debug|Any CPU
		{19EA8181-CC3B-4046-BA64-5FD0E0C783FB}.Release|Any CPU.ActiveCfg = Release|Any CPU
		{19EA8181-CC3B-4046-BA64-5FD0E0C783FB}.Release|Any CPU.Build.0 = Release|Any CPU
		{48CECA98-A126-4322-8BE0-D519033DE4B0}.Debug|Any CPU.ActiveCfg = Debug|Any CPU
		{48CECA98-A126-4322-8BE0-D519033DE4B0}.Debug|Any CPU.Build.0 = Debug|Any CPU
		{48CECA98-A126-4322-8BE0-D519033DE4B0}.Release|Any CPU.ActiveCfg = Release|Any CPU
		{48CECA98-A126-4322-8BE0-D519033DE4B0}.Release|Any CPU.Build.0 = Release|Any CPU
		{8735A3C3-0D6B-4E7B-BE4A-AE5E66779482}.Debug|Any CPU.ActiveCfg = Debug|Any CPU
		{8735A3C3-0D6B-4E7B-BE4A-AE5E66779482}.Debug|Any CPU.Build.0 = Debug|Any CPU
		{8735A3C3-0D6B-4E7B-BE4A-AE5E66779482}.Release|Any CPU.ActiveCfg = Release|Any CPU
		{8735A3C3-0D6B-4E7B-BE4A-AE5E66779482}.Release|Any CPU.Build.0 = Release|Any CPU
	EndGlobalSection
	GlobalSection(SolutionProperties) = preSolution
		HideSolutionNode = FALSE
	EndGlobalSection
	GlobalSection(ExtensibilityGlobals) = postSolution
		SolutionGuid = {9FAE1DED-539A-47AE-9509-93EECB727428}
	EndGlobalSection
EndGlobal
